
Microsoft Visual Studio Solution File, Format Version 12.00
# Visual Studio Version 16
VisualStudioVersion = 16.0.30011.22
MinimumVisualStudioVersion = 10.0.40219.1
Project("{FAE04EC0-301F-11D3-BF4B-00C04F79EFBC}") = "Employee", "Employee\Employee.csproj", "{45E9DE41-E52D-4DCB-A8FD-874E5DB9EAFA}"
EndProject
Global
	GlobalSection(SolutionConfigurationPlatforms) = preSolution
		Debug|Any CPU = Debug|Any CPU
		Release|Any CPU = Release|Any CPU
	EndGlobalSection
	GlobalSection(ProjectConfigurationPlatforms) = postSolution
		{45E9DE41-E52D-4DCB-A8FD-874E5DB9EAFA}.Debug|Any CPU.ActiveCfg = Debug|Any CPU
		{45E9DE41-E52D-4DCB-A8FD-874E5DB9EAFA}.Debug|Any CPU.Build.0 = Debug|Any CPU
		{45E9DE41-E52D-4DCB-A8FD-874E5DB9EAFA}.Release|Any CPU.ActiveCfg = Release|Any CPU
		{45E9DE41-E52D-4DCB-A8FD-874E5DB9EAFA}.Release|Any CPU.Build.0 = Release|Any CPU
	EndGlobalSection
	GlobalSection(SolutionProperties) = preSolution
		HideSolutionNode = FALSE
	EndGlobalSection
	GlobalSection(ExtensibilityGlobals) = postSolution
		SolutionGuid = {FE2168B6-9402-48F2-AA8F-5BD6FE00A38B}
	EndGlobalSection
EndGlobal
